Microsoft Visual Studio Solution File, Format Version 12.00
# Visual Studio Version 17
VisualStudioVersion = 17.5.2.0
MinimumVisualStudioVersion = 10.0.40219.1
Project("{FAE04EC0-301F-11D3-BF4B-00C04F79EFBC}") = "BlazorApp", "webapp\BlazorApp.csproj", "{E5682E19-0333-67EC-152B-7AE0E0181126}"
EndProject
Global
	GlobalSection(SolutionConfigurationPlatforms) = preSolution
		Debug|Any CPU = Debug|Any CPU
		Release|Any CPU = Release|Any CPU
	EndGlobalSection
	GlobalSection(ProjectConfigurationPlatforms) = postSolution
		{E5682E19-0333-67EC-152B-7AE0E0181126}.Debug|Any CPU.ActiveCfg = Debug|Any CPU
		{E5682E19-0333-67EC-152B-7AE0E0181126}.Debug|Any CPU.Build.0 = Debug|Any CPU
		{E5682E19-0333-67EC-152B-7AE0E0181126}.Release|Any CPU.ActiveCfg = Release|Any CPU
		{E5682E19-0333-67EC-152B-7AE0E0181126}.Release|Any CPU.Build.0 = Release|Any CPU
	EndGlobalSection
	GlobalSection(SolutionProperties) = preSolution
		HideSolutionNode = FALSE
	EndGlobalSection
	GlobalSection(ExtensibilityGlobals) = postSolution
		SolutionGuid = {81738F60-CBF9-4186-9C4C-DD9333B79216}
	EndGlobalSection
EndGlobal
